lockfileVersion: '9.0'

settings:
  autoInstallPeers: true
  excludeLinksFromLockfile: false

importers:

  .:
    dependencies:
      tryless:
        specifier: ^1.0.4
        version: 1.0.4

packages:

  tryless@1.0.4:
    resolution: {integrity: sha512-LcSpMOp+OI+fOk0XUSWBWXtnvnIZLvosZLuUHwgk5MWnL9tGDr/ZZ6a3g4nVd9JNaVKiU7x5GKeSZfRM8eMlhQ==}

snapshots:

  tryless@1.0.4: {}
