lockfileVersion: '9.0'

settings:
  autoInstallPeers: true
  excludeLinksFromLockfile: false

importers:

  .:
    dependencies:
      tryless:
        specifier: ^1.1.0
        version: 1.1.0

packages:

  tryless@1.1.0:
    resolution: {integrity: sha512-6+uuJrZ4N6x471zST2+4NayUV95Zj7Ki1rdS0bkgExGXmA5oS0NnG5vY7c/stE5T5lEd5mcfpfE5Dhlh1deW2A==}

snapshots:

  tryless@1.1.0: {}
